{
  "name": "app-node",
  "version": "1.0.0",
  "lockfileVersion": 1,
  "requires": true,
  "dependencies": {
    "faker": {
      "version": "4.1.0",
      "resolved": "https://registry.npmjs.org/faker/-/faker-4.1.0.tgz",
      "integrity": "sha1-HkW7vsxndLPBlfrSg1EJxtdIzD8="
    },
    "galaxies-data": {
      "version": "3.2.1",
      "resolved": "https://registry.npmjs.org/galaxies-data/-/galaxies-data-3.2.1.tgz",
      "integrity": "sha512-lDF6/isWzqSVkbXjy01qCQlPZl2nEtHbUWF0TsKYObnmQMe6PJ9SVlz3t/WPCcmEESf3EXJdmEs1sfpPoSCp8g==",
      "requires": {
        "faker": "^4.1.0"
      }
    }
  }
}
